
Microsoft Visual Studio Solution File, Format Version 12.00
# Visual Studio Version 16
VisualStudioVersion = 16.0.32126.315
MinimumVisualStudioVersion = 10.0.40219.1
Project("{FAE04EC0-301F-11D3-BF4B-00C04F79EFBC}") = "BillBookProject.API", "BillBookProject.API\BillBookProject.API.csproj", "{23E05CA4-CDD2-4865-AF9A-D2D6D1B744C4}"
EndProject
Global
	GlobalSection(SolutionConfigurationPlatforms) = preSolution
		Debug|Any CPU = Debug|Any CPU
		Release|Any CPU = Release|Any CPU
	EndGlobalSection
	GlobalSection(ProjectConfigurationPlatforms) = postSolution
		{23E05CA4-CDD2-4865-AF9A-D2D6D1B744C4}.Debug|Any CPU.ActiveCfg = Debug|Any CPU
		{23E05CA4-CDD2-4865-AF9A-D2D6D1B744C4}.Debug|Any CPU.Build.0 = Debug|Any CPU
		{23E05CA4-CDD2-4865-AF9A-D2D6D1B744C4}.Release|Any CPU.ActiveCfg = Release|Any CPU
		{23E05CA4-CDD2-4865-AF9A-D2D6D1B744C4}.Release|Any CPU.Build.0 = Release|Any CPU
	EndGlobalSection
	GlobalSection(SolutionProperties) = preSolution
		HideSolutionNode = FALSE
	EndGlobalSection
	GlobalSection(ExtensibilityGlobals) = postSolution
		SolutionGuid = {B098EFF3-F560-460A-903A-B6C44A581F5A}
	EndGlobalSection
EndGlobal
